
Microsoft Visual Studio Solution File, Format Version 12.00
# Visual Studio Version 17
VisualStudioVersion = 17.5.33414.496
MinimumVisualStudioVersion = 10.0.40219.1
Project("{FAE04EC0-301F-11D3-BF4B-00C04F79EFBC}") = "Simplex", "Simplex\Simplex.csproj", "{B4EF034B-DFEC-4187-9C07-8BB2A01AF06C}"
EndProject
Global
	GlobalSection(SolutionConfigurationPlatforms) = preSolution
		Debug|Any CPU = Debug|Any CPU
		Release|Any CPU = Release|Any CPU
	EndGlobalSection
	GlobalSection(ProjectConfigurationPlatforms) = postSolution
		{B4EF034B-DFEC-4187-9C07-8BB2A01AF06C}.Debug|Any CPU.ActiveCfg = Debug|Any CPU
		{B4EF034B-DFEC-4187-9C07-8BB2A01AF06C}.Debug|Any CPU.Build.0 = Debug|Any CPU
		{B4EF034B-DFEC-4187-9C07-8BB2A01AF06C}.Release|Any CPU.ActiveCfg = Release|Any CPU
		{B4EF034B-DFEC-4187-9C07-8BB2A01AF06C}.Release|Any CPU.Build.0 = Release|Any CPU
	EndGlobalSection
	GlobalSection(SolutionProperties) = preSolution
		HideSolutionNode = FALSE
	EndGlobalSection
	GlobalSection(ExtensibilityGlobals) = postSolution
		SolutionGuid = {0C261D2C-FAB4-4FDB-9151-85D47EEB6B45}
	EndGlobalSection
EndGlobal
